
Microsoft Visual Studio Solution File, Format Version 12.00
# Visual Studio Version 17
VisualStudioVersion = 17.7.34024.191
MinimumVisualStudioVersion = 10.0.40219.1
Project("{FAE04EC0-301F-11D3-BF4B-00C04F79EFBC}") = "ClientConApp", "ClientConApp\ClientConApp.csproj", "{B05A259E-2263-47B1-8F10-7FE1C3ADCFFE}"
EndProject
Global
	GlobalSection(SolutionConfigurationPlatforms) = preSolution
		Debug|Any CPU = Debug|Any CPU
		Release|Any CPU = Release|Any CPU
	EndGlobalSection
	GlobalSection(ProjectConfigurationPlatforms) = postSolution
		{B05A259E-2263-47B1-8F10-7FE1C3ADCFFE}.Debug|Any CPU.ActiveCfg = Debug|Any CPU
		{B05A259E-2263-47B1-8F10-7FE1C3ADCFFE}.Debug|Any CPU.Build.0 = Debug|Any CPU
		{B05A259E-2263-47B1-8F10-7FE1C3ADCFFE}.Release|Any CPU.ActiveCfg = Release|Any CPU
		{B05A259E-2263-47B1-8F10-7FE1C3ADCFFE}.Release|Any CPU.Build.0 = Release|Any CPU
	EndGlobalSection
	GlobalSection(SolutionProperties) = preSolution
		HideSolutionNode = FALSE
	EndGlobalSection
	GlobalSection(ExtensibilityGlobals) = postSolution
		SolutionGuid = {C0837ACB-C6A5-4549-B126-1F2D6B60BA00}
	EndGlobalSection
EndGlobal
